// !$*UTF8*$!
{
	archiveVersion = 1;
	classes = {
	};
	objectVersion = 50;
	objects = {

/* Begin PBXBuildFile section */
		4E26B00124075839008F97A4 /* AppDelegate.swift in Sources */ = {isa = PBXBuildFile; fileRef = 4E26B00024075839008F97A4 /* AppDelegate.swift */; };
		4E26B00324075839008F97A4 /* SceneDelegate.swift in Sources */ = {isa = PBXBuildFile; fileRef = 4E26B00224075839008F97A4 /* SceneDelegate.swift */; };
		4E26B00524075839008F97A4 /* ContentView.swift in Sources */ = {isa = PBXBuildFile; fileRef = 4E26B00424075839008F97A4 /* ContentView.swift */; };
		4E26B0072407583C008F97A4 /* Assets.xcassets in Resources */ = {isa = PBXBuildFile; fileRef = 4E26B0062407583C008F97A4 /* Assets.xcassets */; };
		4E26B00A2407583C008F97A4 /* Preview Assets.xcassets in Resources */ = {isa = PBXBuildFile; fileRef = 4E26B0092407583C008F97A4 /* Preview Assets.xcassets */; };
		4E26B00D2407583C008F97A4 /* LaunchScreen.storyboard in Resources */ = {isa = PBXBuildFile; fileRef = 4E26B00B2407583C008F97A4 /* LaunchScreen.storyboard */; };
/* End PBXBuildFile section */

/* Begin PBXFileReference section */
		4E26AFFD24075839008F97A4 /* GuessTheFlag.app */ = {isa = PBXFileReference; explicitFileType = wrapper.application; includeInIndex = 0; path = GuessTheFlag.app; sourceTree = BUILT_PRODUCTS_DIR; };
		4E26B00024075839008F97A4 /* AppDelegate.swift */ = {isa = PBXFileReference; lastKnownFileType = sourcecode.swift; path = AppDelegate.swift; sourceTree = "<group>"; };
		4E26B00224075839008F97A4 /* SceneDelegate.swift */ = {isa = PBXFileReference; lastKnownFileType = sourcecode.swift; path = SceneDelegate.swift; sourceTree = "<group>"; };
		4E26B00424075839008F97A4 /* ContentView.swift */ = {isa = PBXFileReference; lastKnownFileType = sourcecode.swift; path = ContentView.swift; sourceTree = "<group>"; };
		4E26B0062407583C008F97A4 /* Assets.xcassets */ = {isa = PBXFileReference; lastKnownFileType = folder.assetcatalog; path = Assets.xcassets; sourceTree = "<group>"; };
		4E26B0092407583C008F97A4 /* Preview Assets.xcassets */ = {isa = PBXFileReference; lastKnownFileType = folder.assetcatalog; path = "Preview Assets.xcassets"; sourceTree = "<group>"; };
		4E26B00C2407583C008F97A4 /* Base */ = {isa = PBXFileReference; lastKnownFileType = file.storyboard; name = Base; path = Base.lproj/LaunchScreen.storyboard; sourceTree = "<group>"; };
		4E26B00E2407583C008F97A4 /* Info.plist */ = {isa = PBXFileReference; lastKnownFileType = text.plist.xml; path = Info.plist; sourceTree = "<group>"; };
/* End PBXFileReference section */

/* Begin PBXFrameworksBuildPhase section */
		4E26AFFA24075839008F97A4 /* Frameworks */ = {
			isa = PBXFrameworksBuildPhase;
			buildActionMask = 2147483647;
			files = (
			);
			runOnlyForDeploymentPostprocessing = 0;
		};
/* End PBXFrameworksBuildPhase section */

/* Begin PBXGroup section */
		4E26AFF424075839008F97A4 = {
			isa = PBXGroup;
			children = (
				4E26AFFF24075839008F97A4 /* GuessTheFlag */,
				4E26AFFE24075839008F97A4 /* Products */,
			);
			sourceTree = "<group>";
		};
		4E26AFFE24075839008F97A4 /* Products */ = {
			isa = PBXGroup;
			children = (
				4E26AFFD24075839008F97A4 /* GuessTheFlag.app */,
			);
			name = Products;
			sourceTree = "<group>";
		};
		4E26AFFF24075839008F97A4 /* GuessTheFlag */ = {
			isa = PBXGroup;
			children = (
				4E26B00024075839008F97A4 /* AppDelegate.swift */,
				4E26B00224075839008F97A4 /* SceneDelegate.swift */,
				4E26B00424075839008F97A4 /* ContentView.swift */,
				4E26B0062407583C008F97A4 /* Assets.xcassets */,
				4E26B00B2407583C008F97A4 /* LaunchScreen.storyboard */,
				4E26B00E2407583C008F97A4 /* Info.plist */,
				4E26B0082407583C008F97A4 /* Preview Content */,
			);
			path = GuessTheFlag;
			sourceTree = "<group>";
		};
		4E26B0082407583C008F97A4 /* Preview Content */ = {
			isa = PBXGroup;
			children = (
				4E26B0092407583C008F97A4 /* Preview Assets.xcassets */,
			);
			path = "Preview Content";
			sourceTree = "<group>";
		};
/* End PBXGroup section */

/* Begin PBXNativeTarget section */
		4E26AFFC24075839008F97A4 /* GuessTheFlag */ = {
			isa = PBXNativeTarget;
			buildConfigurationList = 4E26B0112407583C008F97A4 /* Build configuration list for PBXNativeTarget "GuessTheFlag" */;
			buildPhases = (
				4E26AFF924075839008F97A4 /* Sources */,
				4E26AFFA24075839008F97A4 /* Frameworks */,
				4E26AFFB24075839008F97A4 /* Resources */,
			);
			buildRules = (
			);
			dependencies = (
			);
			name = GuessTheFlag;
			productName = GuessTheFlag;
			productReference = 4E26AFFD24075839008F97A4 /* GuessTheFlag.app */;
			productType = "com.apple.product-type.application";
		};
/* End PBXNativeTarget section */

/* Begin PBXProject section */
		4E26AFF524075839008F97A4 /* Project object */ = {
			isa = PBXProject;
			attributes = {
				LastSwiftUpdateCheck = 1120;
				LastUpgradeCheck = 1120;
				ORGANIZATIONNAME = anthonyLee;
				TargetAttributes = {
					4E26AFFC24075839008F97A4 = {
						CreatedOnToolsVersion = 11.2.1;
					};
				};
			};
			buildConfigurationList = 4E26AFF824075839008F97A4 /* Build configuration list for PBXProject "GuessTheFlag" */;
			compatibilityVersion = "Xcode 9.3";
			developmentRegion = en;
			hasScannedForEncodings = 0;
			knownRegions = (
				en,
				Base,
			);
			mainGroup = 4E26AFF424075839008F97A4;
			productRefGroup = 4E26AFFE24075839008F97A4 /* Products */;
			projectDirPath = "";
			projectRoot = "";
			targets = (
				4E26AFFC24075839008F97A4 /* GuessTheFlag */,
			);
		};
/* End PBXProject section */

/* Begin PBXResourcesBuildPhase section */
		4E26AFFB24075839008F97A4 /* Resources */ = {
			isa = PBXResourcesBuildPhase;
			buildActionMask = 2147483647;
			files = (
				4E26B00D2407583C008F97A4 /* LaunchScreen.storyboard in Resources */,
				4E26B00A2407583C008F97A4 /* Preview Assets.xcassets in Resources */,
				4E26B0072407583C008F97A4 /* Assets.xcassets in Resources */,
			);
			runOnlyForDeploymentPostprocessing = 0;
		};
/* End PBXResourcesBuildPhase section */

/* Begin PBXSourcesBuildPhase section */
		4E26AFF924075839008F97A4 /* Sources */ = {
			isa = PBXSourcesBuildPhase;
			buildActionMask = 2147483647;
			files = (
				4E26B00124075839008F97A4 /* AppDelegate.swift in Sources */,
				4E26B00324075839008F97A4 /* SceneDelegate.swift in Sources */,
				4E26B00524075839008F97A4 /* ContentView.swift in Sources */,
			);
			runOnlyForDeploymentPostprocessing = 0;
		};
/* End PBXSourcesBuildPhase section */

/* Begin PBXVariantGroup section */
		4E26B00B2407583C008F97A4 /* LaunchScreen.storyboard */ = {
			isa = PBXVariantGroup;
			children = (
				4E26B00C2407583C008F97A4 /* Base */,
			);
			name = LaunchScreen.storyboard;
			sourceTree = "<group>";
		};
/* End PBXVariantGroup section */

/* Begin XCBuildConfiguration section */
		4E26B00F2407583C008F97A4 /* Debug */ = {
			isa = XCBuildConfiguration;
			buildSettings = {
				ALWAYS_SEARCH_USER_PATHS = NO;
				CLANG_ANALYZER_NONNULL = YES;
				CLANG_ANALYZER_NUMBER_OBJECT_CONVERSION = YES_AGGRESSIVE;
				CLANG_CXX_LANGUAGE_STANDARD = "gnu++14";
				CLANG_CXX_LIBRARY = "libc++";
				CLANG_ENABLE_MODULES = YES;
				CLANG_ENABLE_OBJC_ARC = YES;
				CLANG_ENABLE_OBJC_WEAK = YES;
				CLANG_WARN_BLOCK_CAPTURE_AUTORELEASING = YES;
				CLANG_WARN_BOOL_CONVERSION = YES;
				CLANG_WARN_COMMA = YES;
				CLANG_WARN_CONSTANT_CONVERSION = YES;
				CLANG_WARN_DEPRECATED_OBJC_IMPLEMENTATIONS = YES;
				CLANG_WARN_DIRECT_OBJC_ISA_USAGE = YES_ERROR;
				CLANG_WARN_DOCUMENTATION_COMMENTS = YES;
				CLANG_WARN_EMPTY_BODY = YES;
				CLANG_WARN_ENUM_CONVERSION = YES;
				CLANG_WARN_INFINITE_RECURSION = YES;
				CLANG_WARN_INT_CONVERSION = YES;
				CLANG_WARN_NON_LITERAL_NULL_CONVERSION = YES;
				CLANG_WARN_OBJC_IMPLICIT_RETAIN_SELF = YES;
				CLANG_WARN_OBJC_LITERAL_CONVERSION = YES;
				CLANG_WARN_OBJC_ROOT_CLASS = YES_ERROR;
				CLANG_WARN_RANGE_LOOP_ANALYSIS = YES;
				CLANG_WARN_STRICT_PROTOTYPES = YES;
				CLANG_WARN_SUSPICIOUS_MOVE = YES;
				CLANG_WARN_UNGUARDED_AVAILABILITY = YES_AGGRESSIVE;
				CLANG_WARN_UNREACHABLE_CODE = YES;
				CLANG_WARN__DUPLICATE_METHOD_MATCH = YES;
				COPY_PHASE_STRIP = NO;
				DEBUG_INFORMATION_FORMAT = dwarf;
				ENABLE_STRICT_OBJC_MSGSEND = YES;
				ENABLE_TESTABILITY = YES;
				GCC_C_LANGUAGE_STANDARD = gnu11;
				GCC_DYNAMIC_NO_PIC = NO;
				GCC_NO_COMMON_BLOCKS = YES;
				GCC_OPTIMIZATION_LEVEL = 0;
				GCC_PREPROCESSOR_DEFINITIONS = (
					"DEBUG=1",
					"$(inherited)",
				);
				GCC_WARN_64_TO_32_BIT_CONVERSION = YES;
				GCC_WARN_ABOUT_RETURN_TYPE = YES_ERROR;
				GCC_WARN_UNDECLARED_SELECTOR = YES;
				GCC_WARN_UNINITIALIZED_AUTOS = YES_AGGRESSIVE;
				GCC_WARN_UNUSED_FUNCTION = YES;
				GCC_WARN_UNUSED_VARIABLE = YES;
				IPHONEOS_DEPLOYMENT_TARGET = 13.2;
				MTL_ENABLE_DEBUG_INFO = INCLUDE_SOURCE;
				MTL_FAST_MATH = YES;
				ONLY_ACTIVE_ARCH = YES;
				SDKROOT = iphoneos;
				SWIFT_ACTIVE_COMPILATION_CONDITIONS = DEBUG;
				SWIFT_OPTIMIZATION_LEVEL = "-Onone";
			};
			name = Debug;
		};
		4E26B0102407583C008F97A4 /* Release */ = {
			isa = XCBuildConfiguration;
			buildSettings = {
				ALWAYS_SEARCH_USER_PATHS = NO;
				CLANG_ANALYZER_NONNULL = YES;
				CLANG_ANALYZER_NUMBER_OBJECT_CONVERSION = YES_AGGRESSIVE;
				CLANG_CXX_LANGUAGE_STANDARD = "gnu++14";
				CLANG_CXX_LIBRARY = "libc++";
				CLANG_ENABLE_MODULES = YES;
				CLANG_ENABLE_OBJC_ARC = YES;
				CLANG_ENABLE_OBJC_WEAK = YES;
				CLANG_WARN_BLOCK_CAPTURE_AUTORELEASING = YES;
				CLANG_WARN_BOOL_CONVERSION = YES;
				CLANG_WARN_COMMA = YES;
				CLANG_WARN_CONSTANT_CONVERSION = YES;
				CLANG_WARN_DEPRECATED_OBJC_IMPLEMENTATIONS = YES;
				CLANG_WARN_DIRECT_OBJC_ISA_USAGE = YES_ERROR;
				CLANG_WARN_DOCUMENTATION_COMMENTS = YES;
				CLANG_WARN_EMPTY_BODY = YES;
				CLANG_WARN_ENUM_CONVERSION = YES;
				CLANG_WARN_INFINITE_RECURSION = YES;
				CLANG_WARN_INT_CONVERSION = YES;
				CLANG_WARN_NON_LITERAL_NULL_CONVERSION = YES;
				CLANG_WARN_OBJC_IMPLICIT_RETAIN_SELF = YES;
				CLANG_WARN_OBJC_LITERAL_CONVERSION = YES;
				CLANG_WARN_OBJC_ROOT_CLASS = YES_ERROR;
				CLANG_WARN_RANGE_LOOP_ANALYSIS = YES;
				CLANG_WARN_STRICT_PROTOTYPES = YES;
				CLANG_WARN_SUSPICIOUS_MOVE = YES;
				CLANG_WARN_UNGUARDED_AVAILABILITY = YES_AGGRESSIVE;
				CLANG_WARN_UNREACHABLE_CODE = YES;
				CLANG_WARN__DUPLICATE_METHOD_MATCH = YES;
				COPY_PHASE_STRIP = NO;
				DEBUG_INFORMATION_FORMAT = "dwarf-with-dsym";
				ENABLE_NS_ASSERTIONS = NO;
				ENABLE_STRICT_OBJC_MSGSEND = YES;
				GCC_C_LANGUAGE_STANDARD = gnu11;
				GCC_NO_COMMON_BLOCKS = YES;
				GCC_WARN_64_TO_32_BIT_CONVERSION = YES;
				GCC_WARN_ABOUT_RETURN_TYPE = YES_ERROR;
				GCC_WARN_UNDECLARED_SELECTOR = YES;
				GCC_WARN_UNINITIALIZED_AUTOS = YES_AGGRESSIVE;
				GCC_WARN_UNUSED_FUNCTION = YES;
				GCC_WARN_UNUSED_VARIABLE = YES;
				IPHONEOS_DEPLOYMENT_TARGET = 13.2;
				MTL_ENABLE_DEBUG_INFO = NO;
				MTL_FAST_MATH = YES;
				SDKROOT = iphoneos;
				SWIFT_COMPILATION_MODE = wholemodule;
				SWIFT_OPTIMIZATION_LEVEL = "-O";
				VALIDATE_PRODUCT = YES;
			};
			name = Release;
		};
		4E26B0122407583C008F97A4 /* Debug */ = {
			isa = XCBuildConfiguration;
			buildSettings = {
				ASSETCATALOG_COMPILER_APPICON_NAME = AppIcon;
				CODE_SIGN_STYLE = Automatic;
				DEVELOPMENT_ASSET_PATHS = "\"GuessTheFlag/Preview Content\"";
				DEVELOPMENT_TEAM = PYK34TKJT5;
				ENABLE_PREVIEWS = YES;
				INFOPLIST_FILE = GuessTheFlag/Info.plist;
				LD_RUNPATH_SEARCH_PATHS = (
					"$(inherited)",
					"@executable_path/Frameworks",
				);
				PRODUCT_BUNDLE_IDENTIFIER = anthonylee.GuessTheFlag;
				PRODUCT_NAME = "$(TARGET_NAME)";
				SWIFT_VERSION = 5.0;
				TARGETED_DEVICE_FAMILY = "1,2";
			};
			name = Debug;
		};
		4E26B0132407583C008F97A4 /* Release */ = {
			isa = XCBuildConfiguration;
			buildSettings = {
				ASSETCATALOG_COMPILER_APPICON_NAME = AppIcon;
				CODE_SIGN_STYLE = Automatic;
				DEVELOPMENT_ASSET_PATHS = "\"GuessTheFlag/Preview Content\"";
				DEVELOPMENT_TEAM = PYK34TKJT5;
				ENABLE_PREVIEWS = YES;
				INFOPLIST_FILE = GuessTheFlag/Info.plist;
				LD_RUNPATH_SEARCH_PATHS = (
					"$(inherited)",
					"@executable_path/Frameworks",
				);
				PRODUCT_BUNDLE_IDENTIFIER = anthonylee.GuessTheFlag;
				PRODUCT_NAME = "$(TARGET_NAME)";
				SWIFT_VERSION = 5.0;
				TARGETED_DEVICE_FAMILY = "1,2";
			};
			name = Release;
		};
/* End XCBuildConfiguration section */

/* Begin XCConfigurationList section */
		4E26AFF824075839008F97A4 /* Build configuration list for PBXProject "GuessTheFlag" */ = {
			isa = XCConfigurationList;
			buildConfigurations = (
				4E26B00F2407583C008F97A4 /* Debug */,
				4E26B0102407583C008F97A4 /* Release */,
			);
			defaultConfigurationIsVisible = 0;
			defaultConfigurationName = Release;
		};
		4E26B0112407583C008F97A4 /* Build configuration list for PBXNativeTarget "GuessTheFlag" */ = {
			isa = XCConfigurationList;
			buildConfigurations = (
				4E26B0122407583C008F97A4 /* Debug */,
				4E26B0132407583C008F97A4 /* Release */,
			);
			defaultConfigurationIsVisible = 0;
			defaultConfigurationName = Release;
		};
/* End XCConfigurationList section */
	};
	rootObject = 4E26AFF524075839008F97A4 /* Project object */;
}
